schema: '2.0'
stages:
  preprocessing:
    cmd: python data_preprocessing.py
    deps:
    - path: data/ObesityDataSet.csv
      hash: md5
      md5: aff636fcccdf0a24ed7186e48bad2548
      size: 263646
    - path: data_preprocessing.py
      hash: md5
      md5: d2465224045018aa430770d3aa7f2be3
      size: 2134
    outs:
    - path: data/clean_data.csv
      hash: md5
      md5: 4d0fc1b164d52e24d32632e5502b18f2
      size: 368358
