schema: '2.0'
stages:
  preprocessing:
    cmd: python data_preprocessing.py
    deps:
    - path: data/ObesityDataSet.csv
      hash: md5
      md5: aff636fcccdf0a24ed7186e48bad2548
      size: 263646
    - path: data_preprocessing.py
      hash: md5
      md5: 09743227170e99e12474b1c6de27e82d
      size: 2077
    outs:
    - path: data/clean_data.csv
      hash: md5
      md5: 99010473e2dab9f4acae7d898d1f8341
      size: 366270
